
Microsoft Visual Studio Solution File, Format Version 12.00
# Visual Studio 15
VisualStudioVersion = 15.0.28307.421
MinimumVisualStudioVersion = 10.0.40219.1
Project("{FAE04EC0-301F-11D3-BF4B-00C04F79EFBC}") = "TaxiMicroservice.Auth", "TaxiMicroservice.Auth\TaxiMicroservice.Auth.csproj", "{18E650DE-4003-444D-BA8E-4A6E101766BF}"
EndProject
Project("{FAE04EC0-301F-11D3-BF4B-00C04F79EFBC}") = "TaxiMicroService.Drivers", "TaxiMicroService.Drivers\TaxiMicroService.Drivers.csproj", "{11EE8AE2-A35D-4992-AF42-F75FE2292106}"
EndProject
Project("{FAE04EC0-301F-11D3-BF4B-00C04F79EFBC}") = "TaxiMicroService.Locations", "TaxiMicroService.Locations\TaxiMicroService.Locations.csproj", "{F3B77196-7A04-4364-B6B5-695A31FB7065}"
EndProject
Global
	GlobalSection(SolutionConfigurationPlatforms) = preSolution
		Debug|Any CPU = Debug|Any CPU
		Release|Any CPU = Release|Any CPU
	EndGlobalSection
	GlobalSection(ProjectConfigurationPlatforms) = postSolution
		{18E650DE-4003-444D-BA8E-4A6E101766BF}.Debug|Any CPU.ActiveCfg = Debug|Any CPU
		{18E650DE-4003-444D-BA8E-4A6E101766BF}.Debug|Any CPU.Build.0 = Debug|Any CPU
		{18E650DE-4003-444D-BA8E-4A6E101766BF}.Release|Any CPU.ActiveCfg = Release|Any CPU
		{18E650DE-4003-444D-BA8E-4A6E101766BF}.Release|Any CPU.Build.0 = Release|Any CPU
		{11EE8AE2-A35D-4992-AF42-F75FE2292106}.Debug|Any CPU.ActiveCfg = Debug|Any CPU
		{11EE8AE2-A35D-4992-AF42-F75FE2292106}.Debug|Any CPU.Build.0 = Debug|Any CPU
		{11EE8AE2-A35D-4992-AF42-F75FE2292106}.Release|Any CPU.ActiveCfg = Release|Any CPU
		{11EE8AE2-A35D-4992-AF42-F75FE2292106}.Release|Any CPU.Build.0 = Release|Any CPU
		{F3B77196-7A04-4364-B6B5-695A31FB7065}.Debug|Any CPU.ActiveCfg = Debug|Any CPU
		{F3B77196-7A04-4364-B6B5-695A31FB7065}.Debug|Any CPU.Build.0 = Debug|Any CPU
		{F3B77196-7A04-4364-B6B5-695A31FB7065}.Release|Any CPU.ActiveCfg = Release|Any CPU
		{F3B77196-7A04-4364-B6B5-695A31FB7065}.Release|Any CPU.Build.0 = Release|Any CPU
	EndGlobalSection
	GlobalSection(SolutionProperties) = preSolution
		HideSolutionNode = FALSE
	EndGlobalSection
	GlobalSection(ExtensibilityGlobals) = postSolution
		SolutionGuid = {A38F00F5-5839-4B82-91EE-FF36D138BD07}
	EndGlobalSection
EndGlobal
